
Microsoft Visual Studio Solution File, Format Version 12.00
# Visual Studio 15
VisualStudioVersion = 15.0.28010.2046
MinimumVisualStudioVersion = 10.0.40219.1
Project("{FAE04EC0-301F-11D3-BF4B-00C04F79EFBC}") = "CSharp_ConsoleApp_BubbleSort", "CSharp_ConsoleApp_BubbleSort\CSharp_ConsoleApp_BubbleSort.csproj", "{415115D3-ACC1-483E-949D-4E1100598789}"
EndProject
Global
	GlobalSection(SolutionConfigurationPlatforms) = preSolution
		Debug|Any CPU = Debug|Any CPU
		Release|Any CPU = Release|Any CPU
	EndGlobalSection
	GlobalSection(ProjectConfigurationPlatforms) = postSolution
		{415115D3-ACC1-483E-949D-4E1100598789}.Debug|Any CPU.ActiveCfg = Debug|Any CPU
		{415115D3-ACC1-483E-949D-4E1100598789}.Debug|Any CPU.Build.0 = Debug|Any CPU
		{415115D3-ACC1-483E-949D-4E1100598789}.Release|Any CPU.ActiveCfg = Release|Any CPU
		{415115D3-ACC1-483E-949D-4E1100598789}.Release|Any CPU.Build.0 = Release|Any CPU
	EndGlobalSection
	GlobalSection(SolutionProperties) = preSolution
		HideSolutionNode = FALSE
	EndGlobalSection
	GlobalSection(ExtensibilityGlobals) = postSolution
		SolutionGuid = {699AAF7A-0C68-4099-9F80-A4D902706DDF}
	EndGlobalSection
EndGlobal
